
Microsoft Visual Studio Solution File, Format Version 12.00
# Visual Studio Version 17
VisualStudioVersion = 17.12.35527.113 d17.12
MinimumVisualStudioVersion = 10.0.40219.1
Project("{FAE04EC0-301F-11D3-BF4B-00C04F79EFBC}") = "DBMS_QueryOrders", "DBMS_QueryOrders\DBMS_QueryOrders.csproj", "{BFDCA1F8-2CBA-4CC5-939D-5B0FDF8C0128}"
EndProject
Global
	GlobalSection(SolutionConfigurationPlatforms) = preSolution
		Debug|Any CPU = Debug|Any CPU
		Release|Any CPU = Release|Any CPU
	EndGlobalSection
	GlobalSection(ProjectConfigurationPlatforms) = postSolution
		{BFDCA1F8-2CBA-4CC5-939D-5B0FDF8C0128}.Debug|Any CPU.ActiveCfg = Debug|Any CPU
		{BFDCA1F8-2CBA-4CC5-939D-5B0FDF8C0128}.Debug|Any CPU.Build.0 = Debug|Any CPU
		{BFDCA1F8-2CBA-4CC5-939D-5B0FDF8C0128}.Release|Any CPU.ActiveCfg = Release|Any CPU
		{BFDCA1F8-2CBA-4CC5-939D-5B0FDF8C0128}.Release|Any CPU.Build.0 = Release|Any CPU
	EndGlobalSection
	GlobalSection(SolutionProperties) = preSolution
		HideSolutionNode = FALSE
	EndGlobalSection
EndGlobal
